
Microsoft Visual Studio Solution File, Format Version 12.00
# Visual Studio Version 17
VisualStudioVersion = 17.5.33516.290
MinimumVisualStudioVersion = 10.0.40219.1
Project("{FAE04EC0-301F-11D3-BF4B-00C04F79EFBC}") = "primeraclase", "primeraclase\primeraclase.csproj", "{C0F01B8E-A73A-44A5-9F6C-5D68C26F8FFB}"
EndProject
Global
	GlobalSection(SolutionConfigurationPlatforms) = preSolution
		Debug|Any CPU = Debug|Any CPU
		Release|Any CPU = Release|Any CPU
	EndGlobalSection
	GlobalSection(ProjectConfigurationPlatforms) = postSolution
		{C0F01B8E-A73A-44A5-9F6C-5D68C26F8FFB}.Debug|Any CPU.ActiveCfg = Debug|Any CPU
		{C0F01B8E-A73A-44A5-9F6C-5D68C26F8FFB}.Debug|Any CPU.Build.0 = Debug|Any CPU
		{C0F01B8E-A73A-44A5-9F6C-5D68C26F8FFB}.Release|Any CPU.ActiveCfg = Release|Any CPU
		{C0F01B8E-A73A-44A5-9F6C-5D68C26F8FFB}.Release|Any CPU.Build.0 = Release|Any CPU
	EndGlobalSection
	GlobalSection(SolutionProperties) = preSolution
		HideSolutionNode = FALSE
	EndGlobalSection
	GlobalSection(ExtensibilityGlobals) = postSolution
		SolutionGuid = {62EDD492-2690-4B6F-9FEC-864DEBD5BFF1}
	EndGlobalSection
EndGlobal
