
Microsoft Visual Studio Solution File, Format Version 12.00
# Visual Studio Version 17
VisualStudioVersion = 17.5.33516.290
MinimumVisualStudioVersion = 10.0.40219.1
Project("{FAE04EC0-301F-11D3-BF4B-00C04F79EFBC}") = "clase1", "clase1\clase1.csproj", "{BEFBA725-8CFB-4F92-8019-F6374256A377}"
EndProject
Global
	GlobalSection(SolutionConfigurationPlatforms) = preSolution
		Debug|Any CPU = Debug|Any CPU
		Release|Any CPU = Release|Any CPU
	EndGlobalSection
	GlobalSection(ProjectConfigurationPlatforms) = postSolution
		{BEFBA725-8CFB-4F92-8019-F6374256A377}.Debug|Any CPU.ActiveCfg = Debug|Any CPU
		{BEFBA725-8CFB-4F92-8019-F6374256A377}.Debug|Any CPU.Build.0 = Debug|Any CPU
		{BEFBA725-8CFB-4F92-8019-F6374256A377}.Release|Any CPU.ActiveCfg = Release|Any CPU
		{BEFBA725-8CFB-4F92-8019-F6374256A377}.Release|Any CPU.Build.0 = Release|Any CPU
	EndGlobalSection
	GlobalSection(SolutionProperties) = preSolution
		HideSolutionNode = FALSE
	EndGlobalSection
	GlobalSection(ExtensibilityGlobals) = postSolution
		SolutionGuid = {6AC9AE3A-A09D-41B1-B425-08F59202EEC3}
	EndGlobalSection
EndGlobal
